// !$*UTF8*$!
{
	archiveVersion = 1;
	classes = {
	};
	objectVersion = 46;
	objects = {

/* Begin PBXBuildFile section */
		4AC3164019615E2700368C73 /* main.cpp in Sources */ = {isa = PBXBuildFile; fileRef = 4ACC1EE1195D6A580081EB90 /* main.cpp */; };
/* End PBXBuildFile section */

/* Begin PBXFileReference section */
		4A273A2F1962AC4100E7DC4C /* template-doc */ = {isa = PBXFileReference; explicitFileType = "compiled.mach-o.executable"; includeInIndex = 0; name = "template-doc"; path = "/Users/vsemyonoff/Sources/template/build/Debug/template-doc"; sourceTree = "<absolute>"; };
		4A273A311962AC5800E7DC4C /* README.md */ = {isa = PBXFileReference; fileEncoding = 4; lastKnownFileType = text; path = README.md; sourceTree = "<group>"; };
		4A273A321962AC5800E7DC4C /* README.md */ = {isa = PBXFileReference; fileEncoding = 4; lastKnownFileType = text; name = README.md; path = doc/README.md; sourceTree = "<group>"; };
		4A273A331962AC7E00E7DC4C /* depends.prg */ = {isa = PBXFileReference; fileEncoding = 4; lastKnownFileType = text; path = depends.prg; sourceTree = "<group>"; };
		4A273A351962AC7E00E7DC4C /* main.hpp */ = {isa = PBXFileReference; fileEncoding = 4; lastKnownFileType = sourcecode.cpp.h; path = main.hpp; sourceTree = "<group>"; };
		4ACC1EDE195D6A580081EB90 /* Makefile */ = {isa = PBXFileReference; fileEncoding = 4; lastKnownFileType = sourcecode.make; name = Makefile; path = ../umake/Makefile; sourceTree = "<group>"; };
		4ACC1EE1195D6A580081EB90 /* main.cpp */ = {isa = PBXFileReference; fileEncoding = 4; lastKnownFileType = sourcecode.cpp.cpp; path = main.cpp; sourceTree = "<group>"; };
		4ACC1EE2195D6A580081EB90 /* template.prj */ = {isa = PBXFileReference; fileEncoding = 4; lastKnownFileType = text; path = template.prj; sourceTree = "<group>"; };
/* End PBXFileReference section */

/* Begin PBXFrameworksBuildPhase section */
		4AC3163319615DE400368C73 /* Frameworks */ = {
			isa = PBXFrameworksBuildPhase;
			buildActionMask = 2147483647;
			files = (
			);
			runOnlyForDeploymentPostprocessing = 0;
		};
/* End PBXFrameworksBuildPhase section */

/* Begin PBXGroup section */
		4A273A301962AC5800E7DC4C /* doc */ = {
			isa = PBXGroup;
			children = (
				4A273A311962AC5800E7DC4C /* README.md */,
			);
			path = doc;
			sourceTree = "<group>";
		};
		4A273A341962AC7E00E7DC4C /* include */ = {
			isa = PBXGroup;
			children = (
				4A273A351962AC7E00E7DC4C /* main.hpp */,
			);
			path = include;
			sourceTree = "<group>";
		};
		4A524D59195D648600512A01 = {
			isa = PBXGroup;
			children = (
				4A273A301962AC5800E7DC4C /* doc */,
				4A273A341962AC7E00E7DC4C /* include */,
				4ACC1EE0195D6A580081EB90 /* src */,
				4ACC1EE3195D6A580081EB90 /* test */,
				4ACC1EDE195D6A580081EB90 /* Makefile */,
				4A273A321962AC5800E7DC4C /* README.md */,
				4A273A331962AC7E00E7DC4C /* depends.prg */,
				4ACC1EE2195D6A580081EB90 /* template.prj */,
			);
			sourceTree = "<group>";
		};
		4ACC1EE0195D6A580081EB90 /* src */ = {
			isa = PBXGroup;
			children = (
				4ACC1EE1195D6A580081EB90 /* main.cpp */,
			);
			path = src;
			sourceTree = "<group>";
		};
		4ACC1EE3195D6A580081EB90 /* test */ = {
			isa = PBXGroup;
			children = (
			);
			path = test;
			sourceTree = "<group>";
		};
/* End PBXGroup section */

/* Begin PBXLegacyTarget section */
		4A524D5E195D648600512A01 /* template */ = {
			isa = PBXLegacyTarget;
			buildArgumentsString = "$(ACTION)";
			buildConfigurationList = 4A524D61195D648600512A01 /* Build configuration list for PBXLegacyTarget "template" */;
			buildPhases = (
			);
			buildToolPath = /usr/bin/make;
			buildWorkingDirectory = "";
			dependencies = (
			);
			name = template;
			passBuildSettingsInEnvironment = 1;
			productName = template;
		};
/* End PBXLegacyTarget section */

/* Begin PBXNativeTarget section */
		4AC3163519615DE400368C73 /* template-doc */ = {
			isa = PBXNativeTarget;
			buildConfigurationList = 4AC3163F19615DE400368C73 /* Build configuration list for PBXNativeTarget "template-doc" */;
			buildPhases = (
				4AC3163219615DE400368C73 /* Sources */,
				4AC3163319615DE400368C73 /* Frameworks */,
			);
			buildRules = (
			);
			dependencies = (
			);
			name = "template-doc";
			productName = "template-doc";
			productReference = 4A273A2F1962AC4100E7DC4C /* template-doc */;
			productType = "com.apple.product-type.tool";
		};
/* End PBXNativeTarget section */

/* Begin PBXProject section */
		4A524D5A195D648600512A01 /* Project object */ = {
			isa = PBXProject;
			attributes = {
				LastUpgradeCheck = 0510;
				ORGANIZATIONNAME = "Vladislav Semyonoff";
			};
			buildConfigurationList = 4A524D5D195D648600512A01 /* Build configuration list for PBXProject "template" */;
			compatibilityVersion = "Xcode 3.2";
			developmentRegion = English;
			hasScannedForEncodings = 0;
			knownRegions = (
				en,
			);
			mainGroup = 4A524D59195D648600512A01;
			productRefGroup = 4A524D59195D648600512A01;
			projectDirPath = "";
			projectRoot = "";
			targets = (
				4A524D5E195D648600512A01 /* template */,
				4AC3163519615DE400368C73 /* template-doc */,
			);
		};
/* End PBXProject section */

/* Begin PBXSourcesBuildPhase section */
		4AC3163219615DE400368C73 /* Sources */ = {
			isa = PBXSourcesBuildPhase;
			buildActionMask = 2147483647;
			files = (
				4AC3164019615E2700368C73 /* main.cpp in Sources */,
			);
			runOnlyForDeploymentPostprocessing = 0;
		};
/* End PBXSourcesBuildPhase section */

/* Begin XCBuildConfiguration section */
		4A524D5F195D648600512A01 /* Debug */ = {
			isa = XCBuildConfiguration;
			buildSettings = {
				ALWAYS_SEARCH_USER_PATHS = NO;
				CLANG_CXX_LANGUAGE_STANDARD = "gnu++0x";
				CLANG_CXX_LIBRARY = "libc++";
				CLANG_ENABLE_MODULES = YES;
				CLANG_ENABLE_OBJC_ARC = YES;
				CLANG_WARN_BOOL_CONVERSION = YES;
				CLANG_WARN_CONSTANT_CONVERSION = YES;
				CLANG_WARN_DIRECT_OBJC_ISA_USAGE = YES_ERROR;
				CLANG_WARN_EMPTY_BODY = YES;
				CLANG_WARN_ENUM_CONVERSION = YES;
				CLANG_WARN_INT_CONVERSION = YES;
				CLANG_WARN_OBJC_ROOT_CLASS = YES_ERROR;
				CLANG_WARN__DUPLICATE_METHOD_MATCH = YES;
				COPY_PHASE_STRIP = NO;
				GCC_C_LANGUAGE_STANDARD = gnu99;
				GCC_DYNAMIC_NO_PIC = NO;
				GCC_ENABLE_OBJC_EXCEPTIONS = YES;
				GCC_OPTIMIZATION_LEVEL = 0;
				GCC_PREPROCESSOR_DEFINITIONS = (
					"DEBUG=1",
					"$(inherited)",
				);
				GCC_SYMBOLS_PRIVATE_EXTERN = NO;
				GCC_WARN_64_TO_32_BIT_CONVERSION = YES;
				GCC_WARN_ABOUT_RETURN_TYPE = YES_ERROR;
				GCC_WARN_UNDECLARED_SELECTOR = YES;
				GCC_WARN_UNINITIALIZED_AUTOS = YES_AGGRESSIVE;
				GCC_WARN_UNUSED_FUNCTION = YES;
				GCC_WARN_UNUSED_VARIABLE = YES;
				MACOSX_DEPLOYMENT_TARGET = 10.9;
				ONLY_ACTIVE_ARCH = YES;
				SDKROOT = macosx;
			};
			name = Debug;
		};
		4A524D60195D648600512A01 /* Release */ = {
			isa = XCBuildConfiguration;
			buildSettings = {
				ALWAYS_SEARCH_USER_PATHS = NO;
				CLANG_CXX_LANGUAGE_STANDARD = "gnu++0x";
				CLANG_CXX_LIBRARY = "libc++";
				CLANG_ENABLE_MODULES = YES;
				CLANG_ENABLE_OBJC_ARC = YES;
				CLANG_WARN_BOOL_CONVERSION = YES;
				CLANG_WARN_CONSTANT_CONVERSION = YES;
				CLANG_WARN_DIRECT_OBJC_ISA_USAGE = YES_ERROR;
				CLANG_WARN_EMPTY_BODY = YES;
				CLANG_WARN_ENUM_CONVERSION = YES;
				CLANG_WARN_INT_CONVERSION = YES;
				CLANG_WARN_OBJC_ROOT_CLASS = YES_ERROR;
				CLANG_WARN__DUPLICATE_METHOD_MATCH = YES;
				COPY_PHASE_STRIP = YES;
				DEBUG_INFORMATION_FORMAT = "dwarf-with-dsym";
				ENABLE_NS_ASSERTIONS = NO;
				GCC_C_LANGUAGE_STANDARD = gnu99;
				GCC_ENABLE_OBJC_EXCEPTIONS = YES;
				GCC_WARN_64_TO_32_BIT_CONVERSION = YES;
				GCC_WARN_ABOUT_RETURN_TYPE = YES_ERROR;
				GCC_WARN_UNDECLARED_SELECTOR = YES;
				GCC_WARN_UNINITIALIZED_AUTOS = YES_AGGRESSIVE;
				GCC_WARN_UNUSED_FUNCTION = YES;
				GCC_WARN_UNUSED_VARIABLE = YES;
				MACOSX_DEPLOYMENT_TARGET = 10.9;
				SDKROOT = macosx;
			};
			name = Release;
		};
		4A524D62195D648600512A01 /* Debug */ = {
			isa = XCBuildConfiguration;
			buildSettings = {
				DEBUGGING_SYMBOLS = YES;
				GCC_GENERATE_DEBUGGING_SYMBOLS = YES;
				GCC_OPTIMIZATION_LEVEL = 0;
				OTHER_CFLAGS = "";
				OTHER_LDFLAGS = "";
				PRODUCT_NAME = "$(TARGET_NAME)";
			};
			name = Debug;
		};
		4A524D63195D648600512A01 /* Release */ = {
			isa = XCBuildConfiguration;
			buildSettings = {
				OTHER_CFLAGS = "";
				OTHER_LDFLAGS = "";
				PRODUCT_NAME = "$(TARGET_NAME)";
			};
			name = Release;
		};
		4AC3163D19615DE400368C73 /* Debug */ = {
			isa = XCBuildConfiguration;
			buildSettings = {
				GCC_PREPROCESSOR_DEFINITIONS = (
					"DEBUG=1",
					"$(inherited)",
				);
				PRODUCT_NAME = "$(TARGET_NAME)";
			};
			name = Debug;
		};
		4AC3163E19615DE400368C73 /* Release */ = {
			isa = XCBuildConfiguration;
			buildSettings = {
				PRODUCT_NAME = "$(TARGET_NAME)";
			};
			name = Release;
		};
/* End XCBuildConfiguration section */

/* Begin XCConfigurationList section */
		4A524D5D195D648600512A01 /* Build configuration list for PBXProject "template" */ = {
			isa = XCConfigurationList;
			buildConfigurations = (
				4A524D5F195D648600512A01 /* Debug */,
				4A524D60195D648600512A01 /* Release */,
			);
			defaultConfigurationIsVisible = 0;
			defaultConfigurationName = Release;
		};
		4A524D61195D648600512A01 /* Build configuration list for PBXLegacyTarget "template" */ = {
			isa = XCConfigurationList;
			buildConfigurations = (
				4A524D62195D648600512A01 /* Debug */,
				4A524D63195D648600512A01 /* Release */,
			);
			defaultConfigurationIsVisible = 0;
			defaultConfigurationName = Release;
		};
		4AC3163F19615DE400368C73 /* Build configuration list for PBXNativeTarget "template-doc" */ = {
			isa = XCConfigurationList;
			buildConfigurations = (
				4AC3163D19615DE400368C73 /* Debug */,
				4AC3163E19615DE400368C73 /* Release */,
			);
			defaultConfigurationIsVisible = 0;
			defaultConfigurationName = Release;
		};
/* End XCConfigurationList section */
	};
	rootObject = 4A524D5A195D648600512A01 /* Project object */;
}
